
Microsoft Visual Studio Solution File, Format Version 12.00
# Visual Studio 15
VisualStudioVersion = 15.0.28010.2048
MinimumVisualStudioVersion = 10.0.40219.1
Project("{FAE04EC0-301F-11D3-BF4B-00C04F79EFBC}") = "DBConnection", "DBConnection\DBConnection.csproj", "{BF74E82D-5B8A-4A92-9513-BAD5DE0279D5}"
EndProject
Global
	GlobalSection(SolutionConfigurationPlatforms) = preSolution
		Debug|Any CPU = Debug|Any CPU
		Release|Any CPU = Release|Any CPU
	EndGlobalSection
	GlobalSection(ProjectConfigurationPlatforms) = postSolution
		{BF74E82D-5B8A-4A92-9513-BAD5DE0279D5}.Debug|Any CPU.ActiveCfg = Debug|Any CPU
		{BF74E82D-5B8A-4A92-9513-BAD5DE0279D5}.Debug|Any CPU.Build.0 = Debug|Any CPU
		{BF74E82D-5B8A-4A92-9513-BAD5DE0279D5}.Release|Any CPU.ActiveCfg = Release|Any CPU
		{BF74E82D-5B8A-4A92-9513-BAD5DE0279D5}.Release|Any CPU.Build.0 = Release|Any CPU
	EndGlobalSection
	GlobalSection(SolutionProperties) = preSolution
		HideSolutionNode = FALSE
	EndGlobalSection
	GlobalSection(ExtensibilityGlobals) = postSolution
		SolutionGuid = {301F53C2-32F6-40AC-BAD9-87B08EEA52A5}
	EndGlobalSection
EndGlobal
